Microsoft Visual Studio Solution File, Format Version 12.00
# Visual Studio Version 17
VisualStudioVersion = 17.0.31903.59
MinimumVisualStudioVersion = 10.0.40219.1
Project("{FAE04EC0-301F-11D3-BF4B-00C04F79EFBC}") = "G.CETProfiler.Core", "src\G.CETProfiler.Core\G.CETProfiler.Core.csproj", "{2FC0329A-53D6-483A-A931-B11BB93DA155}"
EndProject
Project("{FAE04EC0-301F-11D3-BF4B-00C04F79EFBC}") = "G.CETProfiler.App", "src\G.CETProfiler.App\G.CETProfiler.App.csproj", "{81BDA877-9B2A-474A-990B-FD5D25B5A458}"
EndProject
Global
    GlobalSection(SolutionConfigurationPlatforms) = preSolution
        Debug|Any CPU = Debug|Any CPU
        Release|Any CPU = Release|Any CPU
    EndGlobalSection
    GlobalSection(ProjectConfigurationPlatforms) = postSolution
        {2FC0329A-53D6-483A-A931-B11BB93DA155}.Debug|Any CPU.ActiveCfg = Debug|Any CPU
        {2FC0329A-53D6-483A-A931-B11BB93DA155}.Debug|Any CPU.Build.0 = Debug|Any CPU
        {2FC0329A-53D6-483A-A931-B11BB93DA155}.Release|Any CPU.ActiveCfg = Release|Any CPU
        {2FC0329A-53D6-483A-A931-B11BB93DA155}.Release|Any CPU.Build.0 = Release|Any CPU
        {81BDA877-9B2A-474A-990B-FD5D25B5A458}.Debug|Any CPU.ActiveCfg = Debug|Any CPU
        {81BDA877-9B2A-474A-990B-FD5D25B5A458}.Debug|Any CPU.Build.0 = Debug|Any CPU
        {81BDA877-9B2A-474A-990B-FD5D25B5A458}.Release|Any CPU.ActiveCfg = Release|Any CPU
        {81BDA877-9B2A-474A-990B-FD5D25B5A458}.Release|Any CPU.Build.0 = Release|Any CPU
    EndGlobalSection
EndGlobal
